// !$*UTF8*$!
{
	archiveVersion = 1;
	classes = {
	};
	objectVersion = 70;
	objects = {

/* Begin PBXBuildFile section */
		322F142A2C80E43600786766 /* CodeScanner in Frameworks */ = {isa = PBXBuildFile; productRef = 322F14292C80E43600786766 /* CodeScanner */; };
		32FA0B652C819CDE005E4FDB /* Vapor in Frameworks */ = {isa = PBXBuildFile; productRef = 32FA0B642C819CDE005E4FDB /* Vapor */; };
		F312EE4C2C88A3FD00C94AA7 /* WidgetKit.framework in Frameworks */ = {isa = PBXBuildFile; fileRef = F312EE4B2C88A3FD00C94AA7 /* WidgetKit.framework */; };
		F312EE4E2C88A3FD00C94AA7 /* SwiftUI.framework in Frameworks */ = {isa = PBXBuildFile; fileRef = F312EE4D2C88A3FD00C94AA7 /* SwiftUI.framework */; };
		F312EE592C88A40000C94AA7 /* ScamvengerWidgetsExtension.appex in Embed Foundation Extensions */ = {isa = PBXBuildFile; fileRef = F312EE4A2C88A3FD00C94AA7 /* ScamvengerWidgetsExtension.appex */; settings = {ATTRIBUTES = (RemoveHeadersOnCopy, ); }; };
/* End PBXBuildFile section */

/* Begin PBXContainerItemProxy section */
		F312EE572C88A40000C94AA7 /* PBXContainerItemProxy */ = {
			isa = PBXContainerItemProxy;
			containerPortal = 322F13642C8071DE00786766 /* Project object */;
			proxyType = 1;
			remoteGlobalIDString = F312EE492C88A3FD00C94AA7;
			remoteInfo = ScamvengerWidgetsExtension;
		};
/* End PBXContainerItemProxy section */

/* Begin PBXCopyFilesBuildPhase section */
		F312EE5A2C88A40000C94AA7 /* Embed Foundation Extensions */ = {
			isa = PBXCopyFilesBuildPhase;
			buildActionMask = 2147483647;
			dstPath = "";
			dstSubfolderSpec = 13;
			files = (
				F312EE592C88A40000C94AA7 /* ScamvengerWidgetsExtension.appex in Embed Foundation Extensions */,
			);
			name = "Embed Foundation Extensions";
			runOnlyForDeploymentPostprocessing = 0;
		};
/* End PBXCopyFilesBuildPhase section */

/* Begin PBXFileReference section */
		322F136C2C8071DE00786766 /* Scamvenger Hunt.app */ = {isa = PBXFileReference; explicitFileType = wrapper.application; includeInIndex = 0; path = "Scamvenger Hunt.app"; sourceTree = BUILT_PRODUCTS_DIR; };
		32FA0B502C8197B7005E4FDB /* ScamvengerServer.app */ = {isa = PBXFileReference; explicitFileType = wrapper.application; includeInIndex = 0; path = ScamvengerServer.app; sourceTree = BUILT_PRODUCTS_DIR; };
		F312EE4A2C88A3FD00C94AA7 /* ScamvengerWidgetsExtension.appex */ = {isa = PBXFileReference; explicitFileType = "wrapper.app-extension"; includeInIndex = 0; path = ScamvengerWidgetsExtension.appex; sourceTree = BUILT_PRODUCTS_DIR; };
		F312EE4B2C88A3FD00C94AA7 /* WidgetKit.framework */ = {isa = PBXFileReference; lastKnownFileType = wrapper.framework; name = WidgetKit.framework; path = System/Library/Frameworks/WidgetKit.framework; sourceTree = SDKROOT; };
		F312EE4D2C88A3FD00C94AA7 /* SwiftUI.framework */ = {isa = PBXFileReference; lastKnownFileType = wrapper.framework; name = SwiftUI.framework; path = System/Library/Frameworks/SwiftUI.framework; sourceTree = SDKROOT; };
		F33D9E162C8A1640008764B5 /* ScamvengerWidgetsExtension.entitlements */ = {isa = PBXFileReference; lastKnownFileType = text.plist.entitlements; path = ScamvengerWidgetsExtension.entitlements; sourceTree = "<group>"; };
		F33D9EFA2C8AE9C1008764B5 /* Scamvenger Accessibility.app */ = {isa = PBXFileReference; explicitFileType = wrapper.application; includeInIndex = 0; path = "Scamvenger Accessibility.app"; sourceTree = BUILT_PRODUCTS_DIR; };
		F36B86BB2C86CF9800393831 /* Scamvenger UserNotifications WidgetKit.app */ = {isa = PBXFileReference; explicitFileType = wrapper.application; includeInIndex = 0; path = "Scamvenger UserNotifications WidgetKit.app"; sourceTree = BUILT_PRODUCTS_DIR; };
/* End PBXFileReference section */

/* Begin PBXFileSystemSynchronizedBuildFileExceptionSet section */
		32FA0B6D2C81A32A005E4FDB /* PBXFileSystemSynchronizedBuildFileExceptionSet */ = {
			isa = PBXFileSystemSynchronizedBuildFileExceptionSet;
			membershipExceptions = (
				Models/Hint.swift,
				Models/Station.swift,
			);
			target = 32FA0B4F2C8197B7005E4FDB /* ScamvengerServer */;
		};
		F312EE672C88A40A00C94AA7 /* PBXFileSystemSynchronizedBuildFileExceptionSet */ = {
			isa = PBXFileSystemSynchronizedBuildFileExceptionSet;
			membershipExceptions = (
				Info.plist,
			);
			target = F312EE492C88A3FD00C94AA7 /* ScamvengerWidgetsExtension */;
		};
		F33D9E122C8A1100008764B5 /* PBXFileSystemSynchronizedBuildFileExceptionSet */ = {
			isa = PBXFileSystemSynchronizedBuildFileExceptionSet;
			membershipExceptions = (
				AppIntents/ShuffleAppIntent.swift,
				AppIntents/VaultToggleIntent.swift,
				"Model/Constants+UserDefaults.swift",
				Model/Position.swift,
			);
			target = F36B86BA2C86CF9800393831 /* Scamvenger UserNotifications WidgetKit */;
		};
		F33DA5DA2C8B7262008764B5 /* PBXFileSystemSynchronizedBuildFileExceptionSet */ = {
			isa = PBXFileSystemSynchronizedBuildFileExceptionSet;
			membershipExceptions = (
				"View Model/Passcode.swift",
				Views/Passcode/NumberPadButtonView.swift,
				Views/Passcode/NumberPadView.swift,
				Views/Passcode/PasscodeView.swift,
			);
			target = F36B86BA2C86CF9800393831 /* Scamvenger UserNotifications WidgetKit */;
		};
/* End PBXFileSystemSynchronizedBuildFileExceptionSet section */

/* Begin PBXFileSystemSynchronizedRootGroup section */
		322F136E2C8071DE00786766 /* Scamvenger Hunt */ = {isa = PBXFileSystemSynchronizedRootGroup; exceptions = (32FA0B6D2C81A32A005E4FDB /* PBXFileSystemSynchronizedBuildFileExceptionSet */, F33DA5DA2C8B7262008764B5 /* PBXFileSystemSynchronizedBuildFileExceptionSet */, ); explicitFileTypes = {}; explicitFolders = (); path = "Scamvenger Hunt"; sourceTree = "<group>"; };
		32FA0B512C8197B7005E4FDB /* ScamvengerServer */ = {isa = PBXFileSystemSynchronizedRootGroup; explicitFileTypes = {}; explicitFolders = (); path = ScamvengerServer; sourceTree = "<group>"; };
		F312EE622C88A40A00C94AA7 /* ScamvengerWidgets */ = {isa = PBXFileSystemSynchronizedRootGroup; exceptions = (F33D9E122C8A1100008764B5 /* PBXFileSystemSynchronizedBuildFileExceptionSet */, F312EE672C88A40A00C94AA7 /* PBXFileSystemSynchronizedBuildFileExceptionSet */, ); explicitFileTypes = {}; explicitFolders = (); path = ScamvengerWidgets; sourceTree = "<group>"; };
		F33D9F0D2C8AE9F7008764B5 /* Scamvenger Accessibility */ = {isa = PBXFileSystemSynchronizedRootGroup; explicitFileTypes = {}; explicitFolders = (); path = "Scamvenger Accessibility"; sourceTree = "<group>"; };
		F36B86D42C86D1C400393831 /* Scamvenger UserNotifications WidgetKit */ = {isa = PBXFileSystemSynchronizedRootGroup; explicitFileTypes = {}; explicitFolders = (); path = "Scamvenger UserNotifications WidgetKit"; sourceTree = "<group>"; };
/* End PBXFileSystemSynchronizedRootGroup section */

/* Begin PBXFrameworksBuildPhase section */
		322F13692C8071DE00786766 /* Frameworks */ = {
			isa = PBXFrameworksBuildPhase;
			buildActionMask = 2147483647;
			files = (
				322F142A2C80E43600786766 /* CodeScanner in Frameworks */,
			);
			runOnlyForDeploymentPostprocessing = 0;
		};
		32FA0B4D2C8197B7005E4FDB /* Frameworks */ = {
			isa = PBXFrameworksBuildPhase;
			buildActionMask = 2147483647;
			files = (
				32FA0B652C819CDE005E4FDB /* Vapor in Frameworks */,
			);
			runOnlyForDeploymentPostprocessing = 0;
		};
		F312EE472C88A3FD00C94AA7 /* Frameworks */ = {
			isa = PBXFrameworksBuildPhase;
			buildActionMask = 2147483647;
			files = (
				F312EE4E2C88A3FD00C94AA7 /* SwiftUI.framework in Frameworks */,
				F312EE4C2C88A3FD00C94AA7 /* WidgetKit.framework in Frameworks */,
			);
			runOnlyForDeploymentPostprocessing = 0;
		};
		F33D9EF72C8AE9C1008764B5 /* Frameworks */ = {
			isa = PBXFrameworksBuildPhase;
			buildActionMask = 2147483647;
			files = (
			);
			runOnlyForDeploymentPostprocessing = 0;
		};
		F36B86B82C86CF9800393831 /* Frameworks */ = {
			isa = PBXFrameworksBuildPhase;
			buildActionMask = 2147483647;
			files = (
			);
			runOnlyForDeploymentPostprocessing = 0;
		};
/* End PBXFrameworksBuildPhase section */

/* Begin PBXGroup section */
		322F13632C8071DE00786766 = {
			isa = PBXGroup;
			children = (
				F33D9E162C8A1640008764B5 /* ScamvengerWidgetsExtension.entitlements */,
				322F136E2C8071DE00786766 /* Scamvenger Hunt */,
				32FA0B512C8197B7005E4FDB /* ScamvengerServer */,
				F36B86D42C86D1C400393831 /* Scamvenger UserNotifications WidgetKit */,
				F312EE622C88A40A00C94AA7 /* ScamvengerWidgets */,
				F33D9F0D2C8AE9F7008764B5 /* Scamvenger Accessibility */,
				322F136D2C8071DE00786766 /* Products */,
				32FA0B622C819CB3005E4FDB /* Frameworks */,
			);
			sourceTree = "<group>";
		};
		322F136D2C8071DE00786766 /* Products */ = {
			isa = PBXGroup;
			children = (
				322F136C2C8071DE00786766 /* Scamvenger Hunt.app */,
				32FA0B502C8197B7005E4FDB /* ScamvengerServer.app */,
				F36B86BB2C86CF9800393831 /* Scamvenger UserNotifications WidgetKit.app */,
				F312EE4A2C88A3FD00C94AA7 /* ScamvengerWidgetsExtension.appex */,
				F33D9EFA2C8AE9C1008764B5 /* Scamvenger Accessibility.app */,
			);
			name = Products;
			sourceTree = "<group>";
		};
		32FA0B622C819CB3005E4FDB /* Frameworks */ = {
			isa = PBXGroup;
			children = (
				F312EE4B2C88A3FD00C94AA7 /* WidgetKit.framework */,
				F312EE4D2C88A3FD00C94AA7 /* SwiftUI.framework */,
			);
			name = Frameworks;
			sourceTree = "<group>";
		};
/* End PBXGroup section */

/* Begin PBXNativeTarget section */
		322F136B2C8071DE00786766 /* Scamvenger Hunt */ = {
			isa = PBXNativeTarget;
			buildConfigurationList = 322F137A2C8071E000786766 /* Build configuration list for PBXNativeTarget "Scamvenger Hunt" */;
			buildPhases = (
				322F13682C8071DE00786766 /* Sources */,
				322F13692C8071DE00786766 /* Frameworks */,
				322F136A2C8071DE00786766 /* Resources */,
			);
			buildRules = (
			);
			dependencies = (
			);
			fileSystemSynchronizedGroups = (
				322F136E2C8071DE00786766 /* Scamvenger Hunt */,
			);
			name = "Scamvenger Hunt";
			packageProductDependencies = (
				322F14292C80E43600786766 /* CodeScanner */,
			);
			productName = "Scamvenger Hunt";
			productReference = 322F136C2C8071DE00786766 /* Scamvenger Hunt.app */;
			productType = "com.apple.product-type.application";
		};
		32FA0B4F2C8197B7005E4FDB /* ScamvengerServer */ = {
			isa = PBXNativeTarget;
			buildConfigurationList = 32FA0B5E2C8197B8005E4FDB /* Build configuration list for PBXNativeTarget "ScamvengerServer" */;
			buildPhases = (
				32FA0B4C2C8197B7005E4FDB /* Sources */,
				32FA0B4D2C8197B7005E4FDB /* Frameworks */,
				32FA0B4E2C8197B7005E4FDB /* Resources */,
			);
			buildRules = (
			);
			dependencies = (
			);
			fileSystemSynchronizedGroups = (
				32FA0B512C8197B7005E4FDB /* ScamvengerServer */,
			);
			name = ScamvengerServer;
			packageProductDependencies = (
				32FA0B642C819CDE005E4FDB /* Vapor */,
			);
			productName = ScamvengerServer;
			productReference = 32FA0B502C8197B7005E4FDB /* ScamvengerServer.app */;
			productType = "com.apple.product-type.application";
		};
		F312EE492C88A3FD00C94AA7 /* ScamvengerWidgetsExtension */ = {
			isa = PBXNativeTarget;
			buildConfigurationList = F312EE5D2C88A40000C94AA7 /* Build configuration list for PBXNativeTarget "ScamvengerWidgetsExtension" */;
			buildPhases = (
				F312EE462C88A3FD00C94AA7 /* Sources */,
				F312EE472C88A3FD00C94AA7 /* Frameworks */,
				F312EE482C88A3FD00C94AA7 /* Resources */,
			);
			buildRules = (
			);
			dependencies = (
			);
			fileSystemSynchronizedGroups = (
				F312EE622C88A40A00C94AA7 /* ScamvengerWidgets */,
			);
			name = ScamvengerWidgetsExtension;
			productName = ScamvengerWidgetsExtension;
			productReference = F312EE4A2C88A3FD00C94AA7 /* ScamvengerWidgetsExtension.appex */;
			productType = "com.apple.product-type.app-extension";
		};
		F33D9EF92C8AE9C1008764B5 /* Scamvenger Accessibility */ = {
			isa = PBXNativeTarget;
			buildConfigurationList = F33D9F072C8AE9C3008764B5 /* Build configuration list for PBXNativeTarget "Scamvenger Accessibility" */;
			buildPhases = (
				F33D9EF62C8AE9C1008764B5 /* Sources */,
				F33D9EF72C8AE9C1008764B5 /* Frameworks */,
				F33D9EF82C8AE9C1008764B5 /* Resources */,
			);
			buildRules = (
			);
			dependencies = (
			);
			fileSystemSynchronizedGroups = (
				F33D9F0D2C8AE9F7008764B5 /* Scamvenger Accessibility */,
			);
			name = "Scamvenger Accessibility";
			productName = "Scamvenger Accessibility";
			productReference = F33D9EFA2C8AE9C1008764B5 /* Scamvenger Accessibility.app */;
			productType = "com.apple.product-type.application";
		};
		F36B86BA2C86CF9800393831 /* Scamvenger UserNotifications WidgetKit */ = {
			isa = PBXNativeTarget;
			buildConfigurationList = F36B86C82C86CF9B00393831 /* Build configuration list for PBXNativeTarget "Scamvenger UserNotifications WidgetKit" */;
			buildPhases = (
				F36B86B72C86CF9800393831 /* Sources */,
				F36B86B82C86CF9800393831 /* Frameworks */,
				F36B86B92C86CF9800393831 /* Resources */,
				F312EE5A2C88A40000C94AA7 /* Embed Foundation Extensions */,
			);
			buildRules = (
			);
			dependencies = (
				F312EE582C88A40000C94AA7 /* PBXTargetDependency */,
			);
			fileSystemSynchronizedGroups = (
				F36B86D42C86D1C400393831 /* Scamvenger UserNotifications WidgetKit */,
			);
			name = "Scamvenger UserNotifications WidgetKit";
			productName = "Scamvenger UserNotifications WidgetKit";
			productReference = F36B86BB2C86CF9800393831 /* Scamvenger UserNotifications WidgetKit.app */;
			productType = "com.apple.product-type.application";
		};
/* End PBXNativeTarget section */

/* Begin PBXProject section */
		322F13642C8071DE00786766 /* Project object */ = {
			isa = PBXProject;
			attributes = {
				BuildIndependentTargetsInParallel = 1;
				LastSwiftUpdateCheck = 1600;
				LastUpgradeCheck = 1600;
				TargetAttributes = {
					322F136B2C8071DE00786766 = {
						CreatedOnToolsVersion = 16.0;
					};
					32FA0B4F2C8197B7005E4FDB = {
						CreatedOnToolsVersion = 16.0;
					};
					F312EE492C88A3FD00C94AA7 = {
						CreatedOnToolsVersion = 16.0;
					};
					F33D9EF92C8AE9C1008764B5 = {
						CreatedOnToolsVersion = 16.0;
					};
					F36B86BA2C86CF9800393831 = {
						CreatedOnToolsVersion = 16.0;
					};
				};
			};
			buildConfigurationList = 322F13672C8071DE00786766 /* Build configuration list for PBXProject "Scamvenger Hunt" */;
			compatibilityVersion = "Xcode 15.0";
			developmentRegion = en;
			hasScannedForEncodings = 0;
			knownRegions = (
				en,
				Base,
			);
			mainGroup = 322F13632C8071DE00786766;
			packageReferences = (
				322F14282C80E43600786766 /* XCRemoteSwiftPackageReference "CodeScanner" */,
				32FA0B632C819CDE005E4FDB /* XCRemoteSwiftPackageReference "vapor" */,
			);
			productRefGroup = 322F136D2C8071DE00786766 /* Products */;
			projectDirPath = "";
			projectRoot = "";
			targets = (
				322F136B2C8071DE00786766 /* Scamvenger Hunt */,
				32FA0B4F2C8197B7005E4FDB /* ScamvengerServer */,
				F36B86BA2C86CF9800393831 /* Scamvenger UserNotifications WidgetKit */,
				F312EE492C88A3FD00C94AA7 /* ScamvengerWidgetsExtension */,
				F33D9EF92C8AE9C1008764B5 /* Scamvenger Accessibility */,
			);
		};
/* End PBXProject section */

/* Begin PBXResourcesBuildPhase section */
		322F136A2C8071DE00786766 /* Resources */ = {
			isa = PBXResourcesBuildPhase;
			buildActionMask = 2147483647;
			files = (
			);
			runOnlyForDeploymentPostprocessing = 0;
		};
		32FA0B4E2C8197B7005E4FDB /* Resources */ = {
			isa = PBXResourcesBuildPhase;
			buildActionMask = 2147483647;
			files = (
			);
			runOnlyForDeploymentPostprocessing = 0;
		};
		F312EE482C88A3FD00C94AA7 /* Resources */ = {
			isa = PBXResourcesBuildPhase;
			buildActionMask = 2147483647;
			files = (
			);
			runOnlyForDeploymentPostprocessing = 0;
		};
		F33D9EF82C8AE9C1008764B5 /* Resources */ = {
			isa = PBXResourcesBuildPhase;
			buildActionMask = 2147483647;
			files = (
			);
			runOnlyForDeploymentPostprocessing = 0;
		};
		F36B86B92C86CF9800393831 /* Resources */ = {
			isa = PBXResourcesBuildPhase;
			buildActionMask = 2147483647;
			files = (
			);
			runOnlyForDeploymentPostprocessing = 0;
		};
/* End PBXResourcesBuildPhase section */

/* Begin PBXSourcesBuildPhase section */
		322F13682C8071DE00786766 /* Sources */ = {
			isa = PBXSourcesBuildPhase;
			buildActionMask = 2147483647;
			files = (
			);
			runOnlyForDeploymentPostprocessing = 0;
		};
		32FA0B4C2C8197B7005E4FDB /* Sources */ = {
			isa = PBXSourcesBuildPhase;
			buildActionMask = 2147483647;
			files = (
			);
			runOnlyForDeploymentPostprocessing = 0;
		};
		F312EE462C88A3FD00C94AA7 /* Sources */ = {
			isa = PBXSourcesBuildPhase;
			buildActionMask = 2147483647;
			files = (
			);
			runOnlyForDeploymentPostprocessing = 0;
		};
		F33D9EF62C8AE9C1008764B5 /* Sources */ = {
			isa = PBXSourcesBuildPhase;
			buildActionMask = 2147483647;
			files = (
			);
			runOnlyForDeploymentPostprocessing = 0;
		};
		F36B86B72C86CF9800393831 /* Sources */ = {
			isa = PBXSourcesBuildPhase;
			buildActionMask = 2147483647;
			files = (
			);
			runOnlyForDeploymentPostprocessing = 0;
		};
/* End PBXSourcesBuildPhase section */

/* Begin PBXTargetDependency section */
		F312EE582C88A40000C94AA7 /* PBXTargetDependency */ = {
			isa = PBXTargetDependency;
			target = F312EE492C88A3FD00C94AA7 /* ScamvengerWidgetsExtension */;
			targetProxy = F312EE572C88A40000C94AA7 /* PBXContainerItemProxy */;
		};
/* End PBXTargetDependency section */

/* Begin XCBuildConfiguration section */
		322F13782C8071E000786766 /* Debug */ = {
			isa = XCBuildConfiguration;
			buildSettings = {
				ALWAYS_SEARCH_USER_PATHS = NO;
				ASSETCATALOG_COMPILER_GENERATE_SWIFT_ASSET_SYMBOL_EXTENSIONS = YES;
				CLANG_ANALYZER_NONNULL = YES;
				CLANG_ANALYZER_NUMBER_OBJECT_CONVERSION = YES_AGGRESSIVE;
				CLANG_CXX_LANGUAGE_STANDARD = "gnu++20";
				CLANG_ENABLE_MODULES = YES;
				CLANG_ENABLE_OBJC_ARC = YES;
				CLANG_ENABLE_OBJC_WEAK = YES;
				CLANG_WARN_BLOCK_CAPTURE_AUTORELEASING = YES;
				CLANG_WARN_BOOL_CONVERSION = YES;
				CLANG_WARN_COMMA = YES;
				CLANG_WARN_CONSTANT_CONVERSION = YES;
				CLANG_WARN_DEPRECATED_OBJC_IMPLEMENTATIONS = YES;
				CLANG_WARN_DIRECT_OBJC_ISA_USAGE = YES_ERROR;
				CLANG_WARN_DOCUMENTATION_COMMENTS = YES;
				CLANG_WARN_EMPTY_BODY = YES;
				CLANG_WARN_ENUM_CONVERSION = YES;
				CLANG_WARN_INFINITE_RECURSION = YES;
				CLANG_WARN_INT_CONVERSION = YES;
				CLANG_WARN_NON_LITERAL_NULL_CONVERSION = YES;
				CLANG_WARN_OBJC_IMPLICIT_RETAIN_SELF = YES;
				CLANG_WARN_OBJC_LITERAL_CONVERSION = YES;
				CLANG_WARN_OBJC_ROOT_CLASS = YES_ERROR;
				CLANG_WARN_QUOTED_INCLUDE_IN_FRAMEWORK_HEADER = YES;
				CLANG_WARN_RANGE_LOOP_ANALYSIS = YES;
				CLANG_WARN_STRICT_PROTOTYPES = YES;
				CLANG_WARN_SUSPICIOUS_MOVE = YES;
				CLANG_WARN_UNGUARDED_AVAILABILITY = YES_AGGRESSIVE;
				CLANG_WARN_UNREACHABLE_CODE = YES;
				CLANG_WARN__DUPLICATE_METHOD_MATCH = YES;
				COPY_PHASE_STRIP = NO;
				DEBUG_INFORMATION_FORMAT = dwarf;
				ENABLE_STRICT_OBJC_MSGSEND = YES;
				ENABLE_TESTABILITY = YES;
				ENABLE_USER_SCRIPT_SANDBOXING = YES;
				GCC_C_LANGUAGE_STANDARD = gnu17;
				GCC_DYNAMIC_NO_PIC = NO;
				GCC_NO_COMMON_BLOCKS = YES;
				GCC_OPTIMIZATION_LEVEL = 0;
				GCC_PREPROCESSOR_DEFINITIONS = (
					"DEBUG=1",
					"$(inherited)",
				);
				GCC_WARN_64_TO_32_BIT_CONVERSION = YES;
				GCC_WARN_ABOUT_RETURN_TYPE = YES_ERROR;
				GCC_WARN_UNDECLARED_SELECTOR = YES;
				GCC_WARN_UNINITIALIZED_AUTOS = YES_AGGRESSIVE;
				GCC_WARN_UNUSED_FUNCTION = YES;
				GCC_WARN_UNUSED_VARIABLE = YES;
				IPHONEOS_DEPLOYMENT_TARGET = 18.0;
				LOCALIZATION_PREFERS_STRING_CATALOGS = YES;
				MTL_ENABLE_DEBUG_INFO = INCLUDE_SOURCE;
				MTL_FAST_MATH = YES;
				ONLY_ACTIVE_ARCH = YES;
				SDKROOT = iphoneos;
				SWIFT_ACTIVE_COMPILATION_CONDITIONS = "DEBUG $(inherited)";
				SWIFT_OPTIMIZATION_LEVEL = "-Onone";
			};
			name = Debug;
		};
		322F13792C8071E000786766 /* Release */ = {
			isa = XCBuildConfiguration;
			buildSettings = {
				ALWAYS_SEARCH_USER_PATHS = NO;
				ASSETCATALOG_COMPILER_GENERATE_SWIFT_ASSET_SYMBOL_EXTENSIONS = YES;
				CLANG_ANALYZER_NONNULL = YES;
				CLANG_ANALYZER_NUMBER_OBJECT_CONVERSION = YES_AGGRESSIVE;
				CLANG_CXX_LANGUAGE_STANDARD = "gnu++20";
				CLANG_ENABLE_MODULES = YES;
				CLANG_ENABLE_OBJC_ARC = YES;
				CLANG_ENABLE_OBJC_WEAK = YES;
				CLANG_WARN_BLOCK_CAPTURE_AUTORELEASING = YES;
				CLANG_WARN_BOOL_CONVERSION = YES;
				CLANG_WARN_COMMA = YES;
				CLANG_WARN_CONSTANT_CONVERSION = YES;
				CLANG_WARN_DEPRECATED_OBJC_IMPLEMENTATIONS = YES;
				CLANG_WARN_DIRECT_OBJC_ISA_USAGE = YES_ERROR;
				CLANG_WARN_DOCUMENTATION_COMMENTS = YES;
				CLANG_WARN_EMPTY_BODY = YES;
				CLANG_WARN_ENUM_CONVERSION = YES;
				CLANG_WARN_INFINITE_RECURSION = YES;
				CLANG_WARN_INT_CONVERSION = YES;
				CLANG_WARN_NON_LITERAL_NULL_CONVERSION = YES;
				CLANG_WARN_OBJC_IMPLICIT_RETAIN_SELF = YES;
				CLANG_WARN_OBJC_LITERAL_CONVERSION = YES;
				CLANG_WARN_OBJC_ROOT_CLASS = YES_ERROR;
				CLANG_WARN_QUOTED_INCLUDE_IN_FRAMEWORK_HEADER = YES;
				CLANG_WARN_RANGE_LOOP_ANALYSIS = YES;
				CLANG_WARN_STRICT_PROTOTYPES = YES;
				CLANG_WARN_SUSPICIOUS_MOVE = YES;
				CLANG_WARN_UNGUARDED_AVAILABILITY = YES_AGGRESSIVE;
				CLANG_WARN_UNREACHABLE_CODE = YES;
				CLANG_WARN__DUPLICATE_METHOD_MATCH = YES;
				COPY_PHASE_STRIP = NO;
				DEBUG_INFORMATION_FORMAT = "dwarf-with-dsym";
				ENABLE_NS_ASSERTIONS = NO;
				ENABLE_STRICT_OBJC_MSGSEND = YES;
				ENABLE_USER_SCRIPT_SANDBOXING = YES;
				GCC_C_LANGUAGE_STANDARD = gnu17;
				GCC_NO_COMMON_BLOCKS = YES;
				GCC_WARN_64_TO_32_BIT_CONVERSION = YES;
				GCC_WARN_ABOUT_RETURN_TYPE = YES_ERROR;
				GCC_WARN_UNDECLARED_SELECTOR = YES;
				GCC_WARN_UNINITIALIZED_AUTOS = YES_AGGRESSIVE;
				GCC_WARN_UNUSED_FUNCTION = YES;
				GCC_WARN_UNUSED_VARIABLE = YES;
				IPHONEOS_DEPLOYMENT_TARGET = 18.0;
				LOCALIZATION_PREFERS_STRING_CATALOGS = YES;
				MTL_ENABLE_DEBUG_INFO = NO;
				MTL_FAST_MATH = YES;
				SDKROOT = iphoneos;
				SWIFT_COMPILATION_MODE = wholemodule;
				VALIDATE_PRODUCT = YES;
			};
			name = Release;
		};
		322F137B2C8071E000786766 /* Debug */ = {
			isa = XCBuildConfiguration;
			buildSettings = {
				ASSETCATALOG_COMPILER_APPICON_NAME = AppIcon;
				ASSETCATALOG_COMPILER_GLOBAL_ACCENT_COLOR_NAME = AccentColor;
				CODE_SIGN_STYLE = Automatic;
				CURRENT_PROJECT_VERSION = 1;
				DEVELOPMENT_TEAM = DBBLGF84W3;
				ENABLE_PREVIEWS = YES;
				GENERATE_INFOPLIST_FILE = YES;
				INFOPLIST_FILE = "Scamvenger-Hunt-Info.plist";
				INFOPLIST_KEY_NSCameraUsageDescription = "smh tristan";
				INFOPLIST_KEY_NSPhotoLibraryAddUsageDescription = "smh jiachen";
				INFOPLIST_KEY_UIApplicationSupportsIndirectInputEvents = YES;
				INFOPLIST_KEY_UILaunchScreen_Generation = YES;
				INFOPLIST_KEY_UIRequiresFullScreen = YES;
				INFOPLIST_KEY_UIStatusBarStyle = "";
				INFOPLIST_KEY_UISupportedInterfaceOrientations = "UIInterfaceOrientationLandscapeLeft UIInterfaceOrientationLandscapeRight UIInterfaceOrientationPortrait";
				INFOPLIST_KEY_UISupportedInterfaceOrientations_iPad = UIInterfaceOrientationLandscapeRight;
				IPHONEOS_DEPLOYMENT_TARGET = 17.0;
				LD_RUNPATH_SEARCH_PATHS = (
					"$(inherited)",
					"@executable_path/Frameworks",
				);
				MARKETING_VERSION = 1.0;
				PRODUCT_BUNDLE_IDENTIFIER = "org.swiftinsg.Scamvenger-Hunt";
				PRODUCT_NAME = "$(TARGET_NAME)";
				SUPPORTED_PLATFORMS = "iphoneos iphonesimulator";
				SUPPORTS_MACCATALYST = NO;
				SUPPORTS_MAC_DESIGNED_FOR_IPHONE_IPAD = NO;
				SUPPORTS_XR_DESIGNED_FOR_IPHONE_IPAD = NO;
				SWIFT_EMIT_LOC_STRINGS = YES;
				SWIFT_VERSION = 5.0;
				TARGETED_DEVICE_FAMILY = 2;
			};
			name = Debug;
		};
		322F137C2C8071E000786766 /* Release */ = {
			isa = XCBuildConfiguration;
			buildSettings = {
				ASSETCATALOG_COMPILER_APPICON_NAME = AppIcon;
				ASSETCATALOG_COMPILER_GLOBAL_ACCENT_COLOR_NAME = AccentColor;
				CODE_SIGN_STYLE = Automatic;
				CURRENT_PROJECT_VERSION = 1;
				DEVELOPMENT_TEAM = DBBLGF84W3;
				ENABLE_PREVIEWS = YES;
				GENERATE_INFOPLIST_FILE = YES;
				INFOPLIST_FILE = "Scamvenger-Hunt-Info.plist";
				INFOPLIST_KEY_NSCameraUsageDescription = "smh tristan";
				INFOPLIST_KEY_NSPhotoLibraryAddUsageDescription = "smh jiachen";
				INFOPLIST_KEY_UIApplicationSupportsIndirectInputEvents = YES;
				INFOPLIST_KEY_UILaunchScreen_Generation = YES;
				INFOPLIST_KEY_UIRequiresFullScreen = YES;
				INFOPLIST_KEY_UIStatusBarStyle = "";
				INFOPLIST_KEY_UISupportedInterfaceOrientations = "UIInterfaceOrientationLandscapeLeft UIInterfaceOrientationLandscapeRight UIInterfaceOrientationPortrait";
				INFOPLIST_KEY_UISupportedInterfaceOrientations_iPad = UIInterfaceOrientationLandscapeRight;
				IPHONEOS_DEPLOYMENT_TARGET = 17.0;
				LD_RUNPATH_SEARCH_PATHS = (
					"$(inherited)",
					"@executable_path/Frameworks",
				);
				MARKETING_VERSION = 1.0;
				PRODUCT_BUNDLE_IDENTIFIER = "org.swiftinsg.Scamvenger-Hunt";
				PRODUCT_NAME = "$(TARGET_NAME)";
				SUPPORTED_PLATFORMS = "iphoneos iphonesimulator";
				SUPPORTS_MACCATALYST = NO;
				SUPPORTS_MAC_DESIGNED_FOR_IPHONE_IPAD = NO;
				SUPPORTS_XR_DESIGNED_FOR_IPHONE_IPAD = NO;
				SWIFT_EMIT_LOC_STRINGS = YES;
				SWIFT_VERSION = 5.0;
				TARGETED_DEVICE_FAMILY = 2;
			};
			name = Release;
		};
		32FA0B5C2C8197B8005E4FDB /* Debug */ = {
			isa = XCBuildConfiguration;
			buildSettings = {
				ASSETCATALOG_COMPILER_APPICON_NAME = AppIcon;
				ASSETCATALOG_COMPILER_GLOBAL_ACCENT_COLOR_NAME = AccentColor;
				CODE_SIGN_ENTITLEMENTS = ScamvengerServer/ScamvengerServer.entitlements;
				CODE_SIGN_STYLE = Automatic;
				COMBINE_HIDPI_IMAGES = YES;
				CURRENT_PROJECT_VERSION = 1;
				DEVELOPMENT_ASSET_PATHS = "\"ScamvengerServer/Preview Content\"";
				DEVELOPMENT_TEAM = XL5JK4F896;
				ENABLE_HARDENED_RUNTIME = YES;
				ENABLE_PREVIEWS = YES;
				GENERATE_INFOPLIST_FILE = YES;
				INFOPLIST_KEY_NSHumanReadableCopyright = "";
				LD_RUNPATH_SEARCH_PATHS = (
					"$(inherited)",
					"@executable_path/../Frameworks",
				);
				MACOSX_DEPLOYMENT_TARGET = 15.0;
				MARKETING_VERSION = 1.0;
				PRODUCT_BUNDLE_IDENTIFIER = org.swiftinsg.ScamvengerServer;
				PRODUCT_NAME = "$(TARGET_NAME)";
				SDKROOT = macosx;
				SWIFT_EMIT_LOC_STRINGS = YES;
				SWIFT_VERSION = 5.0;
			};
			name = Debug;
		};
		32FA0B5D2C8197B8005E4FDB /* Release */ = {
			isa = XCBuildConfiguration;
			buildSettings = {
				ASSETCATALOG_COMPILER_APPICON_NAME = AppIcon;
				ASSETCATALOG_COMPILER_GLOBAL_ACCENT_COLOR_NAME = AccentColor;
				CODE_SIGN_ENTITLEMENTS = ScamvengerServer/ScamvengerServer.entitlements;
				CODE_SIGN_STYLE = Automatic;
				COMBINE_HIDPI_IMAGES = YES;
				CURRENT_PROJECT_VERSION = 1;
				DEVELOPMENT_ASSET_PATHS = "\"ScamvengerServer/Preview Content\"";
				DEVELOPMENT_TEAM = XL5JK4F896;
				ENABLE_HARDENED_RUNTIME = YES;
				ENABLE_PREVIEWS = YES;
				GENERATE_INFOPLIST_FILE = YES;
				INFOPLIST_KEY_NSHumanReadableCopyright = "";
				LD_RUNPATH_SEARCH_PATHS = (
					"$(inherited)",
					"@executable_path/../Frameworks",
				);
				MACOSX_DEPLOYMENT_TARGET = 15.0;
				MARKETING_VERSION = 1.0;
				PRODUCT_BUNDLE_IDENTIFIER = org.swiftinsg.ScamvengerServer;
				PRODUCT_NAME = "$(TARGET_NAME)";
				SDKROOT = macosx;
				SWIFT_EMIT_LOC_STRINGS = YES;
				SWIFT_VERSION = 5.0;
			};
			name = Release;
		};
		F312EE5B2C88A40000C94AA7 /* Debug */ = {
			isa = XCBuildConfiguration;
			buildSettings = {
				ASSETCATALOG_COMPILER_GLOBAL_ACCENT_COLOR_NAME = AccentColor;
				ASSETCATALOG_COMPILER_WIDGET_BACKGROUND_COLOR_NAME = WidgetBackground;
				CODE_SIGN_ENTITLEMENTS = ScamvengerWidgetsExtension.entitlements;
				CODE_SIGN_STYLE = Automatic;
				CURRENT_PROJECT_VERSION = 1;
				DEVELOPMENT_TEAM = DBBLGF84W3;
				GENERATE_INFOPLIST_FILE = YES;
				INFOPLIST_FILE = ScamvengerWidgets/Info.plist;
				INFOPLIST_KEY_CFBundleDisplayName = ScamvengerWidgets;
				INFOPLIST_KEY_NSHumanReadableCopyright = "";
				IPHONEOS_DEPLOYMENT_TARGET = 17.0;
				LD_RUNPATH_SEARCH_PATHS = (
					"$(inherited)",
					"@executable_path/Frameworks",
					"@executable_path/../../Frameworks",
				);
				MARKETING_VERSION = 1.0;
				PRODUCT_BUNDLE_IDENTIFIER = "org.swiftinsg.Scamvenger-UserNotifications-WidgetKit.ScamvengerWidgets";
				PRODUCT_NAME = "$(TARGET_NAME)";
				SKIP_INSTALL = YES;
				SWIFT_EMIT_LOC_STRINGS = YES;
				SWIFT_VERSION = 5.0;
				TARGETED_DEVICE_FAMILY = "1,2";
			};
			name = Debug;
		};
		F312EE5C2C88A40000C94AA7 /* Release */ = {
			isa = XCBuildConfiguration;
			buildSettings = {
				ASSETCATALOG_COMPILER_GLOBAL_ACCENT_COLOR_NAME = AccentColor;
				ASSETCATALOG_COMPILER_WIDGET_BACKGROUND_COLOR_NAME = WidgetBackground;
				CODE_SIGN_ENTITLEMENTS = ScamvengerWidgetsExtension.entitlements;
				CODE_SIGN_STYLE = Automatic;
				CURRENT_PROJECT_VERSION = 1;
				DEVELOPMENT_TEAM = DBBLGF84W3;
				GENERATE_INFOPLIST_FILE = YES;
				INFOPLIST_FILE = ScamvengerWidgets/Info.plist;
				INFOPLIST_KEY_CFBundleDisplayName = ScamvengerWidgets;
				INFOPLIST_KEY_NSHumanReadableCopyright = "";
				IPHONEOS_DEPLOYMENT_TARGET = 17.0;
				LD_RUNPATH_SEARCH_PATHS = (
					"$(inherited)",
					"@executable_path/Frameworks",
					"@executable_path/../../Frameworks",
				);
				MARKETING_VERSION = 1.0;
				PRODUCT_BUNDLE_IDENTIFIER = "org.swiftinsg.Scamvenger-UserNotifications-WidgetKit.ScamvengerWidgets";
				PRODUCT_NAME = "$(TARGET_NAME)";
				SKIP_INSTALL = YES;
				SWIFT_EMIT_LOC_STRINGS = YES;
				SWIFT_VERSION = 5.0;
				TARGETED_DEVICE_FAMILY = "1,2";
			};
			name = Release;
		};
		F33D9F052C8AE9C3008764B5 /* Debug */ = {
			isa = XCBuildConfiguration;
			buildSettings = {
				ASSETCATALOG_COMPILER_APPICON_NAME = AppIcon;
				ASSETCATALOG_COMPILER_GLOBAL_ACCENT_COLOR_NAME = AccentColor;
				CODE_SIGN_STYLE = Automatic;
				CURRENT_PROJECT_VERSION = 1;
				DEVELOPMENT_ASSET_PATHS = "\"Scamvenger Accessibility/Preview Content\"";
				DEVELOPMENT_TEAM = 9W63WN9LG4;
				ENABLE_PREVIEWS = YES;
				GENERATE_INFOPLIST_FILE = YES;
				INFOPLIST_KEY_UIApplicationSceneManifest_Generation = YES;
				INFOPLIST_KEY_UIApplicationSupportsIndirectInputEvents = YES;
				INFOPLIST_KEY_UILaunchScreen_Generation = YES;
				INFOPLIST_KEY_UISupportedInterfaceOrientations_iPad = "UIInterfaceOrientationPortrait UIInterfaceOrientationPortraitUpsideDown UIInterfaceOrientationLandscapeLeft UIInterfaceOrientationLandscapeRight";
				INFOPLIST_KEY_UISupportedInterfaceOrientations_iPhone = "UIInterfaceOrientationPortrait UIInterfaceOrientationLandscapeLeft UIInterfaceOrientationLandscapeRight";
				IPHONEOS_DEPLOYMENT_TARGET = 17.0;
				LD_RUNPATH_SEARCH_PATHS = (
					"$(inherited)",
					"@executable_path/Frameworks",
				);
				MARKETING_VERSION = 1.0;
				PRODUCT_BUNDLE_IDENTIFIER = "org.swiftinsg.Scamvenger-Accessibility";
				PRODUCT_NAME = "$(TARGET_NAME)";
				SWIFT_EMIT_LOC_STRINGS = YES;
				SWIFT_VERSION = 5.0;
				TARGETED_DEVICE_FAMILY = "1,2";
			};
			name = Debug;
		};
		F33D9F062C8AE9C3008764B5 /* Release */ = {
			isa = XCBuildConfiguration;
			buildSettings = {
				ASSETCATALOG_COMPILER_APPICON_NAME = AppIcon;
				ASSETCATALOG_COMPILER_GLOBAL_ACCENT_COLOR_NAME = AccentColor;
				CODE_SIGN_STYLE = Automatic;
				CURRENT_PROJECT_VERSION = 1;
				DEVELOPMENT_ASSET_PATHS = "\"Scamvenger Accessibility/Preview Content\"";
				DEVELOPMENT_TEAM = 9W63WN9LG4;
				ENABLE_PREVIEWS = YES;
				GENERATE_INFOPLIST_FILE = YES;
				INFOPLIST_KEY_UIApplicationSceneManifest_Generation = YES;
				INFOPLIST_KEY_UIApplicationSupportsIndirectInputEvents = YES;
				INFOPLIST_KEY_UILaunchScreen_Generation = YES;
				INFOPLIST_KEY_UISupportedInterfaceOrientations_iPad = "UIInterfaceOrientationPortrait UIInterfaceOrientationPortraitUpsideDown UIInterfaceOrientationLandscapeLeft UIInterfaceOrientationLandscapeRight";
				INFOPLIST_KEY_UISupportedInterfaceOrientations_iPhone = "UIInterfaceOrientationPortrait UIInterfaceOrientationLandscapeLeft UIInterfaceOrientationLandscapeRight";
				IPHONEOS_DEPLOYMENT_TARGET = 17.0;
				LD_RUNPATH_SEARCH_PATHS = (
					"$(inherited)",
					"@executable_path/Frameworks",
				);
				MARKETING_VERSION = 1.0;
				PRODUCT_BUNDLE_IDENTIFIER = "org.swiftinsg.Scamvenger-Accessibility";
				PRODUCT_NAME = "$(TARGET_NAME)";
				SWIFT_EMIT_LOC_STRINGS = YES;
				SWIFT_VERSION = 5.0;
				TARGETED_DEVICE_FAMILY = "1,2";
			};
			name = Release;
		};
		F36B86C62C86CF9B00393831 /* Debug */ = {
			isa = XCBuildConfiguration;
			buildSettings = {
				ASSETCATALOG_COMPILER_APPICON_NAME = AppIcon;
				ASSETCATALOG_COMPILER_GLOBAL_ACCENT_COLOR_NAME = AccentColor;
				CODE_SIGN_ENTITLEMENTS = "Scamvenger UserNotifications WidgetKit/Scamvenger UserNotifications WidgetKit.entitlements";
				CODE_SIGN_STYLE = Automatic;
				CURRENT_PROJECT_VERSION = 1;
				DEVELOPMENT_ASSET_PATHS = "\"Scamvenger UserNotifications WidgetKit/Preview Content\"";
				DEVELOPMENT_TEAM = DBBLGF84W3;
				ENABLE_PREVIEWS = YES;
				GENERATE_INFOPLIST_FILE = YES;
				INFOPLIST_FILE = "Scamvenger-UserNotifications-WidgetKit-Info.plist";
				INFOPLIST_KEY_UIApplicationSceneManifest_Generation = YES;
				INFOPLIST_KEY_UIApplicationSupportsIndirectInputEvents = YES;
				INFOPLIST_KEY_UILaunchScreen_Generation = YES;
				INFOPLIST_KEY_UISupportedInterfaceOrientations_iPad = "UIInterfaceOrientationPortrait UIInterfaceOrientationPortraitUpsideDown UIInterfaceOrientationLandscapeLeft UIInterfaceOrientationLandscapeRight";
				INFOPLIST_KEY_UISupportedInterfaceOrientations_iPhone = "UIInterfaceOrientationPortrait UIInterfaceOrientationLandscapeLeft UIInterfaceOrientationLandscapeRight";
				IPHONEOS_DEPLOYMENT_TARGET = 17.0;
				LD_RUNPATH_SEARCH_PATHS = (
					"$(inherited)",
					"@executable_path/Frameworks",
				);
				MARKETING_VERSION = 1.0;
				PRODUCT_BUNDLE_IDENTIFIER = "org.swiftinsg.Scamvenger-UserNotifications-WidgetKit";
				PRODUCT_NAME = "$(TARGET_NAME)";
				SUPPORTED_PLATFORMS = "iphoneos iphonesimulator";
				SUPPORTS_MACCATALYST = NO;
				SUPPORTS_MAC_DESIGNED_FOR_IPHONE_IPAD = NO;
				SUPPORTS_XR_DESIGNED_FOR_IPHONE_IPAD = NO;
				SWIFT_EMIT_LOC_STRINGS = YES;
				SWIFT_VERSION = 5.0;
				TARGETED_DEVICE_FAMILY = 2;
			};
			name = Debug;
		};
		F36B86C72C86CF9B00393831 /* Release */ = {
			isa = XCBuildConfiguration;
			buildSettings = {
				ASSETCATALOG_COMPILER_APPICON_NAME = AppIcon;
				ASSETCATALOG_COMPILER_GLOBAL_ACCENT_COLOR_NAME = AccentColor;
				CODE_SIGN_ENTITLEMENTS = "Scamvenger UserNotifications WidgetKit/Scamvenger UserNotifications WidgetKit.entitlements";
				CODE_SIGN_STYLE = Automatic;
				CURRENT_PROJECT_VERSION = 1;
				DEVELOPMENT_ASSET_PATHS = "\"Scamvenger UserNotifications WidgetKit/Preview Content\"";
				DEVELOPMENT_TEAM = DBBLGF84W3;
				ENABLE_PREVIEWS = YES;
				GENERATE_INFOPLIST_FILE = YES;
				INFOPLIST_FILE = "Scamvenger-UserNotifications-WidgetKit-Info.plist";
				INFOPLIST_KEY_UIApplicationSceneManifest_Generation = YES;
				INFOPLIST_KEY_UIApplicationSupportsIndirectInputEvents = YES;
				INFOPLIST_KEY_UILaunchScreen_Generation = YES;
				INFOPLIST_KEY_UISupportedInterfaceOrientations_iPad = "UIInterfaceOrientationPortrait UIInterfaceOrientationPortraitUpsideDown UIInterfaceOrientationLandscapeLeft UIInterfaceOrientationLandscapeRight";
				INFOPLIST_KEY_UISupportedInterfaceOrientations_iPhone = "UIInterfaceOrientationPortrait UIInterfaceOrientationLandscapeLeft UIInterfaceOrientationLandscapeRight";
				IPHONEOS_DEPLOYMENT_TARGET = 17.0;
				LD_RUNPATH_SEARCH_PATHS = (
					"$(inherited)",
					"@executable_path/Frameworks",
				);
				MARKETING_VERSION = 1.0;
				PRODUCT_BUNDLE_IDENTIFIER = "org.swiftinsg.Scamvenger-UserNotifications-WidgetKit";
				PRODUCT_NAME = "$(TARGET_NAME)";
				SUPPORTED_PLATFORMS = "iphoneos iphonesimulator";
				SUPPORTS_MACCATALYST = NO;
				SUPPORTS_MAC_DESIGNED_FOR_IPHONE_IPAD = NO;
				SUPPORTS_XR_DESIGNED_FOR_IPHONE_IPAD = NO;
				SWIFT_EMIT_LOC_STRINGS = YES;
				SWIFT_VERSION = 5.0;
				TARGETED_DEVICE_FAMILY = 2;
			};
			name = Release;
		};
/* End XCBuildConfiguration section */

/* Begin XCConfigurationList section */
		322F13672C8071DE00786766 /* Build configuration list for PBXProject "Scamvenger Hunt" */ = {
			isa = XCConfigurationList;
			buildConfigurations = (
				322F13782C8071E000786766 /* Debug */,
				322F13792C8071E000786766 /* Release */,
			);
			defaultConfigurationIsVisible = 0;
			defaultConfigurationName = Release;
		};
		322F137A2C8071E000786766 /* Build configuration list for PBXNativeTarget "Scamvenger Hunt" */ = {
			isa = XCConfigurationList;
			buildConfigurations = (
				322F137B2C8071E000786766 /* Debug */,
				322F137C2C8071E000786766 /* Release */,
			);
			defaultConfigurationIsVisible = 0;
			defaultConfigurationName = Release;
		};
		32FA0B5E2C8197B8005E4FDB /* Build configuration list for PBXNativeTarget "ScamvengerServer" */ = {
			isa = XCConfigurationList;
			buildConfigurations = (
				32FA0B5C2C8197B8005E4FDB /* Debug */,
				32FA0B5D2C8197B8005E4FDB /* Release */,
			);
			defaultConfigurationIsVisible = 0;
			defaultConfigurationName = Release;
		};
		F312EE5D2C88A40000C94AA7 /* Build configuration list for PBXNativeTarget "ScamvengerWidgetsExtension" */ = {
			isa = XCConfigurationList;
			buildConfigurations = (
				F312EE5B2C88A40000C94AA7 /* Debug */,
				F312EE5C2C88A40000C94AA7 /* Release */,
			);
			defaultConfigurationIsVisible = 0;
			defaultConfigurationName = Release;
		};
		F33D9F072C8AE9C3008764B5 /* Build configuration list for PBXNativeTarget "Scamvenger Accessibility" */ = {
			isa = XCConfigurationList;
			buildConfigurations = (
				F33D9F052C8AE9C3008764B5 /* Debug */,
				F33D9F062C8AE9C3008764B5 /* Release */,
			);
			defaultConfigurationIsVisible = 0;
			defaultConfigurationName = Release;
		};
		F36B86C82C86CF9B00393831 /* Build configuration list for PBXNativeTarget "Scamvenger UserNotifications WidgetKit" */ = {
			isa = XCConfigurationList;
			buildConfigurations = (
				F36B86C62C86CF9B00393831 /* Debug */,
				F36B86C72C86CF9B00393831 /* Release */,
			);
			defaultConfigurationIsVisible = 0;
			defaultConfigurationName = Release;
		};
/* End XCConfigurationList section */

/* Begin XCRemoteSwiftPackageReference section */
		322F14282C80E43600786766 /* XCRemoteSwiftPackageReference "CodeScanner" */ = {
			isa = XCRemoteSwiftPackageReference;
			repositoryURL = "https://github.com/twostraws/CodeScanner";
			requirement = {
				kind = upToNextMajorVersion;
				minimumVersion = 2.5.0;
			};
		};
		32FA0B632C819CDE005E4FDB /* XCRemoteSwiftPackageReference "vapor" */ = {
			isa = XCRemoteSwiftPackageReference;
			repositoryURL = "https://github.com/vapor/vapor";
			requirement = {
				kind = upToNextMajorVersion;
				minimumVersion = 4.104.0;
			};
		};
/* End XCRemoteSwiftPackageReference section */

/* Begin XCSwiftPackageProductDependency section */
		322F14292C80E43600786766 /* CodeScanner */ = {
			isa = XCSwiftPackageProductDependency;
			package = 322F14282C80E43600786766 /* XCRemoteSwiftPackageReference "CodeScanner" */;
			productName = CodeScanner;
		};
		32FA0B642C819CDE005E4FDB /* Vapor */ = {
			isa = XCSwiftPackageProductDependency;
			package = 32FA0B632C819CDE005E4FDB /* XCRemoteSwiftPackageReference "vapor" */;
			productName = Vapor;
		};
/* End XCSwiftPackageProductDependency section */
	};
	rootObject = 322F13642C8071DE00786766 /* Project object */;
}
